# This file was autogenerated by Stack.
# You should not edit this file by hand.
# For more information, please see the documentation at:
#   https://docs.haskellstack.org/en/stable/topics/lock_files

packages:
- completed:
    hackage: falsify-0.3.0@sha256:75ff775bd5c7e673bd09ba6c8543bc6e6769f2ee4827120b08c80480ece09800,5418
    pantry-tree:
      sha256: 61e3553f28dc8099b2d9b689fff1bb8d379cca97df79da4effc3f921c796dd2a
      size: 3532
  original:
    hackage: falsify-0.3.0@sha256:75ff775bd5c7e673bd09ba6c8543bc6e6769f2ee4827120b08c80480ece09800,5418
snapshots:
- completed:
    sha256: 655e468f774beee1badf07dc4c45fb50288d5c66ce7bef6f487b7f92891a90b0
    size: 728965
    url: https://raw.githubusercontent.com/commercialhaskell/stackage-snapshots/master/lts/24/37.yaml
  original: lts-24.37
